{
    "name": "ios-snippets",
    "version": "1.0.0-custom",
    "lockfileVersion": 2,
    "requires": true,
    "packages": {
        "": {
            "name": "ios-snippets",
            "version": "1.0.0-custom",
            "engines": {
                "vscode": "^0.10.6"
            }
        }
    }
}
